<?xml version="1.0" encoding="utf-8"?>
<Project ToolsVersion="4.0" xmlns="http://schemas.microsoft.com/developer/msbuild/2003">
  <ItemGroup>
    <Filter Include="Source Files">
      <UniqueIdentifier>{4FC737F1-C7A5-4376-A066-2A32D752A2FF}</UniqueIdentifier>
      <Extensions>cpp;c;cc;cxx;def;odl;idl;hpj;bat;asm;asmx</Extensions>
    </Filter>
    <Filter Include="Header Files">
      <UniqueIdentifier>{93995380-89BD-4b04-88EB-625FBE52EBFB}</UniqueIdentifier>
      <Extensions>h;hh;hpp;hxx;hm;inl;inc;xsd</Extensions>
    </Filter>
    <Filter Include="Resource Files">
      <UniqueIdentifier>{67DA6AB6-F800-4c08-8B7A-83BB121AAD01}</UniqueIdentifier>
      <Extensions>rc;ico;cur;bmp;dlg;rc2;rct;bin;rgs;gif;jpg;jpeg;jpe;resx;tiff;tif;png;wav</Extensions>
    </Filter>
  </ItemGroup>
  <ItemGroup>
    <ClCompile Include="main.cpp">
      <Filter>Source Files</Filter>
    </ClCompile>
    <ClCompile Include="src\CBIRD.cpp">
      <Filter>Source Files</Filter>
    </ClCompile>
    <ClCompile Include="src\CCAR.cpp">
      <Filter>Source Files</Filter>
    </ClCompile>
    <ClCompile Include="src\CDINAUSOR.cpp">
      <Filter>Source Files</Filter>
    </ClCompile>
    <ClCompile Include="src\CGAME.cpp">
      <Filter>Source Files</Filter>
    </ClCompile>
    <ClCompile Include="src\CPEOPLE.cpp">
      <Filter>Source Files</Filter>
    </ClCompile>
    <ClCompile Include="src\CTRUCK.cpp">
      <Filter>Source Files</Filter>
    </ClCompile>
    <ClCompile Include="src\CVEHICLE.cpp">
      <Filter>Source Files</Filter>
    </ClCompile>
    <ClCompile Include="src\Menu.cpp">
      <Filter>Source Files</Filter>
    </ClCompile>
    <ClCompile Include="src\CTRAFFIC.cpp">
      <Filter>Source Files</Filter>
    </ClCompile>
    <ClCompile Include="src\COBJECT.cpp">
      <Filter>Source Files</Filter>
    </ClCompile>
    <ClCompile Include="src\CCARFACTORY.cpp">
      <Filter>Source Files</Filter>
    </ClCompile>
    <ClCompile Include="src\CGUI.cpp">
      <Filter>Source Files</Filter>
    </ClCompile>
    <ClCompile Include="src\CLANE.cpp">
      <Filter>Source Files</Filter>
    </ClCompile>
    <ClCompile Include="src\COBJECTFACTORY.cpp">
      <Filter>Source Files</Filter>
    </ClCompile>
    <ClCompile Include="src\CGRASSFACTORY.cpp">
      <Filter>Source Files</Filter>
    </ClCompile>
    <ClCompile Include="src\CSOUND.cpp">
      <Filter>Source Files</Filter>
    </ClCompile>
  </ItemGroup>
  <ItemGroup>
    <ClInclude Include="include\CBIRD.h">
      <Filter>Header Files</Filter>
    </ClInclude>
    <ClInclude Include="include\CCAR.h">
      <Filter>Header Files</Filter>
    </ClInclude>
    <ClInclude Include="include\CDINAUSOR.h">
      <Filter>Header Files</Filter>
    </ClInclude>
    <ClInclude Include="include\CGAME.h">
      <Filter>Header Files</Filter>
    </ClInclude>
    <ClInclude Include="include\CPEOPLE.h">
      <Filter>Header Files</Filter>
    </ClInclude>
    <ClInclude Include="include\CTRUCK.h">
      <Filter>Header Files</Filter>
    </ClInclude>
    <ClInclude Include="include\CVEHICLE.h">
      <Filter>Header Files</Filter>
    </ClInclude>
    <ClInclude Include="include\Menu.h">
      <Filter>Header Files</Filter>
    </ClInclude>
    <ClInclude Include="include\Constants.h">
      <Filter>Header Files</Filter>
    </ClInclude>
    <ClInclude Include="include\CTRAFFIC.h">
      <Filter>Header Files</Filter>
    </ClInclude>
    <ClInclude Include="include\COBJECT.h">
      <Filter>Header Files</Filter>
    </ClInclude>
    <ClInclude Include="include\CCARFACTORY.h">
      <Filter>Header Files</Filter>
    </ClInclude>
    <ClInclude Include="include\CGUI.h">
      <Filter>Header Files</Filter>
    </ClInclude>
    <ClInclude Include="include\CLANE.h">
      <Filter>Header Files</Filter>
    </ClInclude>
    <ClInclude Include="include\COBJECTFACTORY.h">
      <Filter>Header Files</Filter>
    </ClInclude>
    <ClInclude Include="include\CGRASSFACTORY.h">
      <Filter>Header Files</Filter>
    </ClInclude>
    <ClInclude Include="include\CSOUND.h">
      <Filter>Header Files</Filter>
    </ClInclude>
  </ItemGroup>
</Project>